
Microsoft Visual Studio Solution File, Format Version 12.00
# Visual Studio 2013
VisualStudioVersion = 12.0.40629.0
MinimumVisualStudioVersion = 10.0.40219.1
Project("{FAE04EC0-301F-11D3-BF4B-00C04F79EFBC}") = "DescargaStatusSII", "DescargaStatusSII\DescargaStatusSII.csproj", "{B0CE59DF-8D9B-458F-8C98-0C86A046AB7D}"
EndProject
Project("{FAE04EC0-301F-11D3-BF4B-00C04F79EFBC}") = "SII.dao", "SII.dao\SII.dao.csproj", "{D1C8440C-4DB8-4651-B514-D3482127CCBB}"
EndProject
Project("{FAE04EC0-301F-11D3-BF4B-00C04F79EFBC}") = "SII.dto", "SII.dto\SII.dto.csproj", "{97982BF9-591B-43C4-AAA8-90168CD63DC2}"
EndProject
Project("{FAE04EC0-301F-11D3-BF4B-00C04F79EFBC}") = "SII.bcp", "SII.bcp\SII.bcp.csproj", "{7DF2ED61-2A52-458A-9ED9-F33F426BDA69}"
EndProject
Project("{FAE04EC0-301F-11D3-BF4B-00C04F79EFBC}") = "SDescargaSII", "SDescargaSII\SDescargaSII.csproj", "{810CE87C-6009-4ECF-8845-6D2F49D071D6}"
EndProject
Project("{FAE04EC0-301F-11D3-BF4B-00C04F79EFBC}") = "ProcesaSII", "ProcesaSII\ProcesaSII.csproj", "{B648F0CC-D6AA-43EB-8D87-3C8DBEC75E68}"
EndProject
Global
	GlobalSection(SolutionConfigurationPlatforms) = preSolution
		Debug|Any CPU = Debug|Any CPU
		Release|Any CPU = Release|Any CPU
	EndGlobalSection
	GlobalSection(ProjectConfigurationPlatforms) = postSolution
		{B0CE59DF-8D9B-458F-8C98-0C86A046AB7D}.Debug|Any CPU.ActiveCfg = Debug|Any CPU
		{B0CE59DF-8D9B-458F-8C98-0C86A046AB7D}.Debug|Any CPU.Build.0 = Debug|Any CPU
		{B0CE59DF-8D9B-458F-8C98-0C86A046AB7D}.Release|Any CPU.ActiveCfg = Release|Any CPU
		{B0CE59DF-8D9B-458F-8C98-0C86A046AB7D}.Release|Any CPU.Build.0 = Release|Any CPU
		{D1C8440C-4DB8-4651-B514-D3482127CCBB}.Debug|Any CPU.ActiveCfg = Debug|Any CPU
		{D1C8440C-4DB8-4651-B514-D3482127CCBB}.Debug|Any CPU.Build.0 = Debug|Any CPU
		{D1C8440C-4DB8-4651-B514-D3482127CCBB}.Release|Any CPU.ActiveCfg = Release|Any CPU
		{D1C8440C-4DB8-4651-B514-D3482127CCBB}.Release|Any CPU.Build.0 = Release|Any CPU
		{97982BF9-591B-43C4-AAA8-90168CD63DC2}.Debug|Any CPU.ActiveCfg = Debug|Any CPU
		{97982BF9-591B-43C4-AAA8-90168CD63DC2}.Debug|Any CPU.Build.0 = Debug|Any CPU
		{97982BF9-591B-43C4-AAA8-90168CD63DC2}.Release|Any CPU.ActiveCfg = Release|Any CPU
		{97982BF9-591B-43C4-AAA8-90168CD63DC2}.Release|Any CPU.Build.0 = Release|Any CPU
		{7DF2ED61-2A52-458A-9ED9-F33F426BDA69}.Debug|Any CPU.ActiveCfg = Debug|Any CPU
		{7DF2ED61-2A52-458A-9ED9-F33F426BDA69}.Debug|Any CPU.Build.0 = Debug|Any CPU
		{7DF2ED61-2A52-458A-9ED9-F33F426BDA69}.Release|Any CPU.ActiveCfg = Release|Any CPU
		{7DF2ED61-2A52-458A-9ED9-F33F426BDA69}.Release|Any CPU.Build.0 = Release|Any CPU
		{810CE87C-6009-4ECF-8845-6D2F49D071D6}.Debug|Any CPU.ActiveCfg = Debug|Any CPU
		{810CE87C-6009-4ECF-8845-6D2F49D071D6}.Debug|Any CPU.Build.0 = Debug|Any CPU
		{810CE87C-6009-4ECF-8845-6D2F49D071D6}.Release|Any CPU.ActiveCfg = Release|Any CPU
		{810CE87C-6009-4ECF-8845-6D2F49D071D6}.Release|Any CPU.Build.0 = Release|Any CPU
		{B648F0CC-D6AA-43EB-8D87-3C8DBEC75E68}.Debug|Any CPU.ActiveCfg = Debug|Any CPU
		{B648F0CC-D6AA-43EB-8D87-3C8DBEC75E68}.Debug|Any CPU.Build.0 = Debug|Any CPU
		{B648F0CC-D6AA-43EB-8D87-3C8DBEC75E68}.Release|Any CPU.ActiveCfg = Release|Any CPU
		{B648F0CC-D6AA-43EB-8D87-3C8DBEC75E68}.Release|Any CPU.Build.0 = Release|Any CPU
	EndGlobalSection
	GlobalSection(SolutionProperties) = preSolution
		HideSolutionNode = FALSE
	EndGlobalSection
EndGlobal
