
Microsoft Visual Studio Solution File, Format Version 12.00
# Visual Studio 2012
Project("{FAE04EC0-301F-11D3-BF4B-00C04F79EFBC}") = "Dimol.ProveedorCliente.Mantenedores", "Dimol.ProveedorCliente.Mantenedores\Dimol.ProveedorCliente.Mantenedores.csproj", "{800F4E6A-F21D-48C7-9DBA-807DECFC5D04}"
EndProject
Project("{FAE04EC0-301F-11D3-BF4B-00C04F79EFBC}") = "Dimol.ProveedorCliente.Mantenedores.Tests", "Dimol.ProveedorCliente.Mantenedores.Tests\Dimol.ProveedorCliente.Mantenedores.Tests.csproj", "{45A1B0A0-EDDB-4043-9E47-936A84BF2631}"
EndProject
Project("{FAE04EC0-301F-11D3-BF4B-00C04F79EFBC}") = "Dimol.ProveedorCliente.Mantenedores.dto", "Dimol.ProveedorCliente.Mantenedores.dto\Dimol.ProveedorCliente.Mantenedores.dto.csproj", "{875576E4-6583-4F69-A1EF-B55512A57974}"
EndProject
Project("{FAE04EC0-301F-11D3-BF4B-00C04F79EFBC}") = "Dimol.ProveedorCliente.Mantenedores.dao", "Dimol.ProveedorCliente.Mantenedores.dao\Dimol.ProveedorCliente.Mantenedores.dao.csproj", "{EFAFEF0B-774E-4B19-939B-84AFC4BE4368}"
EndProject
Project("{FAE04EC0-301F-11D3-BF4B-00C04F79EFBC}") = "Dimol.ProveedorCliente.Mantenedores.bcp", "Dimol.ProveedorCliente.Mantenedores.bcp\Dimol.ProveedorCliente.Mantenedores.bcp.csproj", "{96583C0F-EE55-45AD-9F19-31B4057B2F4F}"
EndProject
Global
	GlobalSection(SolutionConfigurationPlatforms) = preSolution
		Debug|Any CPU = Debug|Any CPU
		Release|Any CPU = Release|Any CPU
	EndGlobalSection
	GlobalSection(ProjectConfigurationPlatforms) = postSolution
		{800F4E6A-F21D-48C7-9DBA-807DECFC5D04}.Debug|Any CPU.ActiveCfg = Debug|Any CPU
		{800F4E6A-F21D-48C7-9DBA-807DECFC5D04}.Debug|Any CPU.Build.0 = Debug|Any CPU
		{800F4E6A-F21D-48C7-9DBA-807DECFC5D04}.Release|Any CPU.ActiveCfg = Release|Any CPU
		{800F4E6A-F21D-48C7-9DBA-807DECFC5D04}.Release|Any CPU.Build.0 = Release|Any CPU
		{45A1B0A0-EDDB-4043-9E47-936A84BF2631}.Debug|Any CPU.ActiveCfg = Debug|Any CPU
		{45A1B0A0-EDDB-4043-9E47-936A84BF2631}.Debug|Any CPU.Build.0 = Debug|Any CPU
		{45A1B0A0-EDDB-4043-9E47-936A84BF2631}.Release|Any CPU.ActiveCfg = Release|Any CPU
		{45A1B0A0-EDDB-4043-9E47-936A84BF2631}.Release|Any CPU.Build.0 = Release|Any CPU
		{875576E4-6583-4F69-A1EF-B55512A57974}.Debug|Any CPU.ActiveCfg = Debug|Any CPU
		{875576E4-6583-4F69-A1EF-B55512A57974}.Debug|Any CPU.Build.0 = Debug|Any CPU
		{875576E4-6583-4F69-A1EF-B55512A57974}.Release|Any CPU.ActiveCfg = Release|Any CPU
		{875576E4-6583-4F69-A1EF-B55512A57974}.Release|Any CPU.Build.0 = Release|Any CPU
		{EFAFEF0B-774E-4B19-939B-84AFC4BE4368}.Debug|Any CPU.ActiveCfg = Debug|Any CPU
		{EFAFEF0B-774E-4B19-939B-84AFC4BE4368}.Debug|Any CPU.Build.0 = Debug|Any CPU
		{EFAFEF0B-774E-4B19-939B-84AFC4BE4368}.Release|Any CPU.ActiveCfg = Release|Any CPU
		{EFAFEF0B-774E-4B19-939B-84AFC4BE4368}.Release|Any CPU.Build.0 = Release|Any CPU
		{96583C0F-EE55-45AD-9F19-31B4057B2F4F}.Debug|Any CPU.ActiveCfg = Debug|Any CPU
		{96583C0F-EE55-45AD-9F19-31B4057B2F4F}.Debug|Any CPU.Build.0 = Debug|Any CPU
		{96583C0F-EE55-45AD-9F19-31B4057B2F4F}.Release|Any CPU.ActiveCfg = Release|Any CPU
		{96583C0F-EE55-45AD-9F19-31B4057B2F4F}.Release|Any CPU.Build.0 = Release|Any CPU
	EndGlobalSection
	GlobalSection(SolutionProperties) = preSolution
		HideSolutionNode = FALSE
	EndGlobalSection
EndGlobal
